
Microsoft Visual Studio Solution File, Format Version 12.00
# Visual Studio Version 17
VisualStudioVersion = 17.5.33530.505
MinimumVisualStudioVersion = 10.0.40219.1
Project("{FAE04EC0-301F-11D3-BF4B-00C04F79EFBC}") = "Bookstore", "Bookstore\Bookstore.csproj", "{4B4EEDBE-46B5-4A30-85F3-B9A4A51EFB60}"
EndProject
Project("{FAE04EC0-301F-11D3-BF4B-00C04F79EFBC}") = "Bookstore.Domain", "Bookstore.Domain\Bookstore.Domain.csproj", "{8485A3A8-5313-412B-8739-A4CEB079B748}"
EndProject
Project("{FAE04EC0-301F-11D3-BF4B-00C04F79EFBC}") = "Bookstore.DAL", "Bookstore.DAL\Bookstore.DAL.csproj", "{3E77F498-1524-49E5-8227-4EE88FE3C266}"
EndProject
Global
	GlobalSection(SolutionConfigurationPlatforms) = preSolution
		Debug|Any CPU = Debug|Any CPU
		Release|Any CPU = Release|Any CPU
	EndGlobalSection
	GlobalSection(ProjectConfigurationPlatforms) = postSolution
		{4B4EEDBE-46B5-4A30-85F3-B9A4A51EFB60}.Debug|Any CPU.ActiveCfg = Debug|Any CPU
		{4B4EEDBE-46B5-4A30-85F3-B9A4A51EFB60}.Debug|Any CPU.Build.0 = Debug|Any CPU
		{4B4EEDBE-46B5-4A30-85F3-B9A4A51EFB60}.Release|Any CPU.ActiveCfg = Release|Any CPU
		{4B4EEDBE-46B5-4A30-85F3-B9A4A51EFB60}.Release|Any CPU.Build.0 = Release|Any CPU
		{8485A3A8-5313-412B-8739-A4CEB079B748}.Debug|Any CPU.ActiveCfg = Debug|Any CPU
		{8485A3A8-5313-412B-8739-A4CEB079B748}.Debug|Any CPU.Build.0 = Debug|Any CPU
		{8485A3A8-5313-412B-8739-A4CEB079B748}.Release|Any CPU.ActiveCfg = Release|Any CPU
		{8485A3A8-5313-412B-8739-A4CEB079B748}.Release|Any CPU.Build.0 = Release|Any CPU
		{3E77F498-1524-49E5-8227-4EE88FE3C266}.Debug|Any CPU.ActiveCfg = Debug|Any CPU
		{3E77F498-1524-49E5-8227-4EE88FE3C266}.Debug|Any CPU.Build.0 = Debug|Any CPU
		{3E77F498-1524-49E5-8227-4EE88FE3C266}.Release|Any CPU.ActiveCfg = Release|Any CPU
		{3E77F498-1524-49E5-8227-4EE88FE3C266}.Release|Any CPU.Build.0 = Release|Any CPU
	EndGlobalSection
	GlobalSection(SolutionProperties) = preSolution
		HideSolutionNode = FALSE
	EndGlobalSection
	GlobalSection(ExtensibilityGlobals) = postSolution
		SolutionGuid = {AF2BE1F4-8ED7-4688-8EA4-227E5F4FBFC2}
	EndGlobalSection
EndGlobal
